// !$*UTF8*$!
{
	archiveVersion = 1;
	classes = {
	};
	objectVersion = 77;
	objects = {

/* Begin PBXBuildFile section */
		FD300E032CC732BE008E6725 /* ElementView.swift in Sources */ = {isa = PBXBuildFile; fileRef = FD300E022CC732BE008E6725 /* ElementView.swift */; };
		FD37FE502CB282D30077365C /* Preview Assets.xcassets in Resources */ = {isa = PBXBuildFile; fileRef = FD37FE492CB282D30077365C /* Preview Assets.xcassets */; };
		FD37FE512CB282D30077365C /* Assets.xcassets in Resources */ = {isa = PBXBuildFile; fileRef = FD37FE4B2CB282D30077365C /* Assets.xcassets */; };
		FD37FE522CB282D30077365C /* AttendanceCheckApp.swift in Sources */ = {isa = PBXBuildFile; fileRef = FD37FE4C2CB282D30077365C /* AttendanceCheckApp.swift */; };
		FD37FE532CB282D30077365C /* ContentView.swift in Sources */ = {isa = PBXBuildFile; fileRef = FD37FE4D2CB282D30077365C /* ContentView.swift */; };
		FD37FE542CB282D30077365C /* Item.swift in Sources */ = {isa = PBXBuildFile; fileRef = FD37FE4E2CB282D30077365C /* Item.swift */; };
		FD37FE572CB282F70077365C /* AttendanceCheckTests.swift in Sources */ = {isa = PBXBuildFile; fileRef = FD37FE552CB282F70077365C /* AttendanceCheckTests.swift */; };
		FD37FE5B2CB282F90077365C /* AttendanceCheckUITests.swift in Sources */ = {isa = PBXBuildFile; fileRef = FD37FE582CB282F90077365C /* AttendanceCheckUITests.swift */; };
		FD37FE5C2CB282F90077365C /* AttendanceCheckUITestsLaunchTests.swift in Sources */ = {isa = PBXBuildFile; fileRef = FD37FE592CB282F90077365C /* AttendanceCheckUITestsLaunchTests.swift */; };
		FD37FE662CB283690077365C /* MainView.swift in Sources */ = {isa = PBXBuildFile; fileRef = FD37FE652CB283690077365C /* MainView.swift */; };
		FD37FE682CB283970077365C /* QRView.swift in Sources */ = {isa = PBXBuildFile; fileRef = FD37FE672CB283970077365C /* QRView.swift */; };
		FD37FE6A2CB2839C0077365C /* MapView.swift in Sources */ = {isa = PBXBuildFile; fileRef = FD37FE692CB2839C0077365C /* MapView.swift */; };
		FD37FE6C2CB283A00077365C /* ChecklistView.swift in Sources */ = {isa = PBXBuildFile; fileRef = FD37FE6B2CB283A00077365C /* ChecklistView.swift */; };
		FD37FE6E2CB283A80077365C /* ScheduleView.swift in Sources */ = {isa = PBXBuildFile; fileRef = FD37FE6D2CB283A80077365C /* ScheduleView.swift */; };
		FD37FE702CB283B30077365C /* MenuView.swift in Sources */ = {isa = PBXBuildFile; fileRef = FD37FE6F2CB283B30077365C /* MenuView.swift */; };
		FD37FE722CB285880077365C /* LoginView.swift in Sources */ = {isa = PBXBuildFile; fileRef = FD37FE712CB285880077365C /* LoginView.swift */; };
		FD37FE742CB2865D0077365C /* ChecklistDetailView.swift in Sources */ = {isa = PBXBuildFile; fileRef = FD37FE732CB2865D0077365C /* ChecklistDetailView.swift */; };
		FD37FE762CB28D600077365C /* Permission.swift in Sources */ = {isa = PBXBuildFile; fileRef = FD37FE752CB28D600077365C /* Permission.swift */; };
		FD37FE782CB28DD00077365C /* ScannerDelegate.swift in Sources */ = {isa = PBXBuildFile; fileRef = FD37FE772CB28DD00077365C /* ScannerDelegate.swift */; };
		FD37FE7A2CB28E450077365C /* CameraView.swift in Sources */ = {isa = PBXBuildFile; fileRef = FD37FE792CB28E440077365C /* CameraView.swift */; };
		FD37FE7E2CB2C9260077365C /* CalendarView.swift in Sources */ = {isa = PBXBuildFile; fileRef = FD37FE7D2CB2C9260077365C /* CalendarView.swift */; };
		FD42AADF2CB39AC800B63392 /* Programs.json in Resources */ = {isa = PBXBuildFile; fileRef = FD42AADE2CB39AC800B63392 /* Programs.json */; };
		FD4B67FC2CB382F80096FBAB /* Programs.swift in Sources */ = {isa = PBXBuildFile; fileRef = FD4B67FB2CB382F80096FBAB /* Programs.swift */; };
		FD6B5C662CB4C1ED00771254 /* UserInformation.swift in Sources */ = {isa = PBXBuildFile; fileRef = FD6B5C652CB4C1ED00771254 /* UserInformation.swift */; };
		FD6B5C682CB4EF4200771254 /* AlertType.swift in Sources */ = {isa = PBXBuildFile; fileRef = FD6B5C672CB4EF4200771254 /* AlertType.swift */; };
		FDABB1EA2CBA990C006CF22D /* EventManager.swift in Sources */ = {isa = PBXBuildFile; fileRef = FDABB1E92CBA990B006CF22D /* EventManager.swift */; };
		FDABB1F22CBD2F80006CF22D /* ProcessingView.swift in Sources */ = {isa = PBXBuildFile; fileRef = FDABB1F12CBD2F80006CF22D /* ProcessingView.swift */; };
		FDABB1F52CBE48E9006CF22D /* QRAlretType.swift in Sources */ = {isa = PBXBuildFile; fileRef = FDABB1F42CBE48E9006CF22D /* QRAlretType.swift */; };
		FDABB1FC2CBE7512006CF22D /* MapFullScreenView.swift in Sources */ = {isa = PBXBuildFile; fileRef = FDABB1FB2CBE7512006CF22D /* MapFullScreenView.swift */; };
		FDBC03752CBF3D1E00531123 /* NotificationManager.swift in Sources */ = {isa = PBXBuildFile; fileRef = FDBC03742CBF3D1E00531123 /* NotificationManager.swift */; };
		FDBC03782CBF40A200531123 /* NotificationData.swift in Sources */ = {isa = PBXBuildFile; fileRef = FDBC03772CBF40A200531123 /* NotificationData.swift */; };
		FDD2B2182CC3722D00498A5C /* ChecklistTestView.swift in Sources */ = {isa = PBXBuildFile; fileRef = FDD2B2172CC3722D00498A5C /* ChecklistTestView.swift */; };
		FDDEF2D12CC222BA00E7F440 /* Banner.swift in Sources */ = {isa = PBXBuildFile; fileRef = FDDEF2D02CC222BA00E7F440 /* Banner.swift */; };
		FDDEF2D32CC2287900E7F440 /* WebView.swift in Sources */ = {isa = PBXBuildFile; fileRef = FDDEF2D22CC2287900E7F440 /* WebView.swift */; };
		FDDEF2D72CC2572900E7F440 /* DeviceModel.swift in Sources */ = {isa = PBXBuildFile; fileRef = FDDEF2D62CC2572900E7F440 /* DeviceModel.swift */; };
		FDDEF2D92CC26A4000E7F440 /* CautionView.swift in Sources */ = {isa = PBXBuildFile; fileRef = FDDEF2D82CC26A4000E7F440 /* CautionView.swift */; };
		FDDEF2DB2CC2724600E7F440 /* CampusLocation.swift in Sources */ = {isa = PBXBuildFile; fileRef = FDDEF2DA2CC2724600E7F440 /* CampusLocation.swift */; };
		FDDEF2DD2CC331E100E7F440 /* LinkURLS.swift in Sources */ = {isa = PBXBuildFile; fileRef = FDDEF2DC2CC331E100E7F440 /* LinkURLS.swift */; };
		FDDEF2DF2CC3407E00E7F440 /* TimelineView.swift in Sources */ = {isa = PBXBuildFile; fileRef = FDDEF2DE2CC3407E00E7F440 /* TimelineView.swift */; };
		FDDEF2E12CC3447500E7F440 /* TimelineDetailView.swift in Sources */ = {isa = PBXBuildFile; fileRef = FDDEF2E02CC3447500E7F440 /* TimelineDetailView.swift */; };
/* End PBXBuildFile section */

/* Begin PBXContainerItemProxy section */
		FD37FE2C2CB282BD0077365C /* PBXContainerItemProxy */ = {
			isa = PBXContainerItemProxy;
			containerPortal = FD37FE112CB282BC0077365C /* Project object */;
			proxyType = 1;
			remoteGlobalIDString = FD37FE182CB282BC0077365C;
			remoteInfo = AttendanceCheck;
		};
		FD37FE362CB282BD0077365C /* PBXContainerItemProxy */ = {
			isa = PBXContainerItemProxy;
			containerPortal = FD37FE112CB282BC0077365C /* Project object */;
			proxyType = 1;
			remoteGlobalIDString = FD37FE182CB282BC0077365C;
			remoteInfo = AttendanceCheck;
		};
/* End PBXContainerItemProxy section */

/* Begin PBXFileReference section */
		FD300E022CC732BE008E6725 /* ElementView.swift */ = {isa = PBXFileReference; lastKnownFileType = sourcecode.swift; path = ElementView.swift; sourceTree = "<group>"; };
		FD37FE192CB282BC0077365C /* AttendanceCheck.app */ = {isa = PBXFileReference; explicitFileType = wrapper.application; includeInIndex = 0; path = AttendanceCheck.app; sourceTree = BUILT_PRODUCTS_DIR; };
		FD37FE2B2CB282BD0077365C /* AttendanceCheckTests.xctest */ = {isa = PBXFileReference; explicitFileType = wrapper.cfbundle; includeInIndex = 0; path = AttendanceCheckTests.xctest; sourceTree = BUILT_PRODUCTS_DIR; };
		FD37FE352CB282BD0077365C /* AttendanceCheckUITests.xctest */ = {isa = PBXFileReference; explicitFileType = wrapper.cfbundle; includeInIndex = 0; path = AttendanceCheckUITests.xctest; sourceTree = BUILT_PRODUCTS_DIR; };
		FD37FE492CB282D30077365C /* Preview Assets.xcassets */ = {isa = PBXFileReference; lastKnownFileType = folder.assetcatalog; path = "Preview Assets.xcassets"; sourceTree = "<group>"; };
		FD37FE4B2CB282D30077365C /* Assets.xcassets */ = {isa = PBXFileReference; lastKnownFileType = folder.assetcatalog; path = Assets.xcassets; sourceTree = "<group>"; };
		FD37FE4C2CB282D30077365C /* AttendanceCheckApp.swift */ = {isa = PBXFileReference; lastKnownFileType = sourcecode.swift; path = AttendanceCheckApp.swift; sourceTree = "<group>"; };
		FD37FE4D2CB282D30077365C /* ContentView.swift */ = {isa = PBXFileReference; lastKnownFileType = sourcecode.swift; path = ContentView.swift; sourceTree = "<group>"; };
		FD37FE4E2CB282D30077365C /* Item.swift */ = {isa = PBXFileReference; lastKnownFileType = sourcecode.swift; path = Item.swift; sourceTree = "<group>"; };
		FD37FE552CB282F70077365C /* AttendanceCheckTests.swift */ = {isa = PBXFileReference; lastKnownFileType = sourcecode.swift; path = AttendanceCheckTests.swift; sourceTree = "<group>"; };
		FD37FE582CB282F90077365C /* AttendanceCheckUITests.swift */ = {isa = PBXFileReference; lastKnownFileType = sourcecode.swift; path = AttendanceCheckUITests.swift; sourceTree = "<group>"; };
		FD37FE592CB282F90077365C /* AttendanceCheckUITestsLaunchTests.swift */ = {isa = PBXFileReference; lastKnownFileType = sourcecode.swift; path = AttendanceCheckUITestsLaunchTests.swift; sourceTree = "<group>"; };
		FD37FE652CB283690077365C /* MainView.swift */ = {isa = PBXFileReference; lastKnownFileType = sourcecode.swift; path = MainView.swift; sourceTree = "<group>"; };
		FD37FE672CB283970077365C /* QRView.swift */ = {isa = PBXFileReference; lastKnownFileType = sourcecode.swift; path = QRView.swift; sourceTree = "<group>"; };
		FD37FE692CB2839C0077365C /* MapView.swift */ = {isa = PBXFileReference; lastKnownFileType = sourcecode.swift; path = MapView.swift; sourceTree = "<group>"; };
		FD37FE6B2CB283A00077365C /* ChecklistView.swift */ = {isa = PBXFileReference; lastKnownFileType = sourcecode.swift; path = ChecklistView.swift; sourceTree = "<group>"; };
		FD37FE6D2CB283A80077365C /* ScheduleView.swift */ = {isa = PBXFileReference; lastKnownFileType = sourcecode.swift; path = ScheduleView.swift; sourceTree = "<group>"; };
		FD37FE6F2CB283B30077365C /* MenuView.swift */ = {isa = PBXFileReference; lastKnownFileType = sourcecode.swift; path = MenuView.swift; sourceTree = "<group>"; };
		FD37FE712CB285880077365C /* LoginView.swift */ = {isa = PBXFileReference; lastKnownFileType = sourcecode.swift; path = LoginView.swift; sourceTree = "<group>"; };
		FD37FE732CB2865D0077365C /* ChecklistDetailView.swift */ = {isa = PBXFileReference; lastKnownFileType = sourcecode.swift; path = ChecklistDetailView.swift; sourceTree = "<group>"; };
		FD37FE752CB28D600077365C /* Permission.swift */ = {isa = PBXFileReference; lastKnownFileType = sourcecode.swift; name = Permission.swift; path = AttendanceCheck/QR/Model/Permission.swift; sourceTree = SOURCE_ROOT; };
		FD37FE772CB28DD00077365C /* ScannerDelegate.swift */ = {isa = PBXFileReference; lastKnownFileType = sourcecode.swift; path = ScannerDelegate.swift; sourceTree = "<group>"; };
		FD37FE792CB28E440077365C /* CameraView.swift */ = {isa = PBXFileReference; lastKnownFileType = sourcecode.swift; path = CameraView.swift; sourceTree = "<group>"; };
		FD37FE7D2CB2C9260077365C /* CalendarView.swift */ = {isa = PBXFileReference; lastKnownFileType = sourcecode.swift; path = CalendarView.swift; sourceTree = "<group>"; };
		FD42AADE2CB39AC800B63392 /* Programs.json */ = {isa = PBXFileReference; lastKnownFileType = text.json; path = Programs.json; sourceTree = "<group>"; };
		FD4B67FB2CB382F80096FBAB /* Programs.swift */ = {isa = PBXFileReference; lastKnownFileType = sourcecode.swift; path = Programs.swift; sourceTree = "<group>"; };
		FD6B5C652CB4C1ED00771254 /* UserInformation.swift */ = {isa = PBXFileReference; lastKnownFileType = sourcecode.swift; path = UserInformation.swift; sourceTree = "<group>"; };
		FD6B5C672CB4EF4200771254 /* AlertType.swift */ = {isa = PBXFileReference; lastKnownFileType = sourcecode.swift; path = AlertType.swift; sourceTree = "<group>"; };
		FDABB1E92CBA990B006CF22D /* EventManager.swift */ = {isa = PBXFileReference; lastKnownFileType = sourcecode.swift; path = EventManager.swift; sourceTree = "<group>"; };
		FDABB1EE2CBBA12C006CF22D /* Info.plist */ = {isa = PBXFileReference; lastKnownFileType = text.plist; path = Info.plist; sourceTree = "<group>"; };
		FDABB1F12CBD2F80006CF22D /* ProcessingView.swift */ = {isa = PBXFileReference; lastKnownFileType = sourcecode.swift; path = ProcessingView.swift; sourceTree = "<group>"; };
		FDABB1F42CBE48E9006CF22D /* QRAlretType.swift */ = {isa = PBXFileReference; lastKnownFileType = sourcecode.swift; path = QRAlretType.swift; sourceTree = "<group>"; };
		FDABB1FB2CBE7512006CF22D /* MapFullScreenView.swift */ = {isa = PBXFileReference; lastKnownFileType = sourcecode.swift; path = MapFullScreenView.swift; sourceTree = "<group>"; };
		FDBC03742CBF3D1E00531123 /* NotificationManager.swift */ = {isa = PBXFileReference; lastKnownFileType = sourcecode.swift; path = NotificationManager.swift; sourceTree = "<group>"; };
		FDBC03772CBF40A200531123 /* NotificationData.swift */ = {isa = PBXFileReference; lastKnownFileType = sourcecode.swift; path = NotificationData.swift; sourceTree = "<group>"; };
		FDD2B2172CC3722D00498A5C /* ChecklistTestView.swift */ = {isa = PBXFileReference; lastKnownFileType = sourcecode.swift; path = ChecklistTestView.swift; sourceTree = "<group>"; };
		FDDEF2D02CC222BA00E7F440 /* Banner.swift */ = {isa = PBXFileReference; lastKnownFileType = sourcecode.swift; path = Banner.swift; sourceTree = "<group>"; };
		FDDEF2D22CC2287900E7F440 /* WebView.swift */ = {isa = PBXFileReference; lastKnownFileType = sourcecode.swift; path = WebView.swift; sourceTree = "<group>"; };
		FDDEF2D62CC2572900E7F440 /* DeviceModel.swift */ = {isa = PBXFileReference; lastKnownFileType = sourcecode.swift; path = DeviceModel.swift; sourceTree = "<group>"; };
		FDDEF2D82CC26A4000E7F440 /* CautionView.swift */ = {isa = PBXFileReference; lastKnownFileType = sourcecode.swift; path = CautionView.swift; sourceTree = "<group>"; };
		FDDEF2DA2CC2724600E7F440 /* CampusLocation.swift */ = {isa = PBXFileReference; lastKnownFileType = sourcecode.swift; path = CampusLocation.swift; sourceTree = "<group>"; };
		FDDEF2DC2CC331E100E7F440 /* LinkURLS.swift */ = {isa = PBXFileReference; lastKnownFileType = sourcecode.swift; path = LinkURLS.swift; sourceTree = "<group>"; };
		FDDEF2DE2CC3407E00E7F440 /* TimelineView.swift */ = {isa = PBXFileReference; lastKnownFileType = sourcecode.swift; path = TimelineView.swift; sourceTree = "<group>"; };
		FDDEF2E02CC3447500E7F440 /* TimelineDetailView.swift */ = {isa = PBXFileReference; lastKnownFileType = sourcecode.swift; path = TimelineDetailView.swift; sourceTree = "<group>"; };
/* End PBXFileReference section */

/* Begin PBXFrameworksBuildPhase section */
		FD37FE162CB282BC0077365C /* Frameworks */ = {
			isa = PBXFrameworksBuildPhase;
			buildActionMask = 2147483647;
			files = (
			);
			runOnlyForDeploymentPostprocessing = 0;
		};
		FD37FE282CB282BD0077365C /* Frameworks */ = {
			isa = PBXFrameworksBuildPhase;
			buildActionMask = 2147483647;
			files = (
			);
			runOnlyForDeploymentPostprocessing = 0;
		};
		FD37FE322CB282BD0077365C /* Frameworks */ = {
			isa = PBXFrameworksBuildPhase;
			buildActionMask = 2147483647;
			files = (
			);
			runOnlyForDeploymentPostprocessing = 0;
		};
/* End PBXFrameworksBuildPhase section */

/* Begin PBXGroup section */
		FD2F6BC92CB3986D00AB82D6 /* Files */ = {
			isa = PBXGroup;
			children = (
				FD42AADE2CB39AC800B63392 /* Programs.json */,
			);
			path = Files;
			sourceTree = "<group>";
		};
		FD37FE102CB282BC0077365C = {
			isa = PBXGroup;
			children = (
				FD37FE4F2CB282D30077365C /* AttendanceCheck */,
				FD37FE562CB282F70077365C /* AttendanceCheckTests */,
				FD37FE5A2CB282F90077365C /* AttendanceCheckUITests */,
				FD37FE1A2CB282BC0077365C /* Products */,
			);
			sourceTree = "<group>";
		};
		FD37FE1A2CB282BC0077365C /* Products */ = {
			isa = PBXGroup;
			children = (
				FD37FE192CB282BC0077365C /* AttendanceCheck.app */,
				FD37FE2B2CB282BD0077365C /* AttendanceCheckTests.xctest */,
				FD37FE352CB282BD0077365C /* AttendanceCheckUITests.xctest */,
			);
			name = Products;
			sourceTree = "<group>";
		};
		FD37FE4A2CB282D30077365C /* Preview Content */ = {
			isa = PBXGroup;
			children = (
				FD37FE492CB282D30077365C /* Preview Assets.xcassets */,
			);
			path = "Preview Content";
			sourceTree = "<group>";
		};
		FD37FE4F2CB282D30077365C /* AttendanceCheck */ = {
			isa = PBXGroup;
			children = (
				FDABB1EE2CBBA12C006CF22D /* Info.plist */,
				FD37FE4B2CB282D30077365C /* Assets.xcassets */,
				FD37FE4C2CB282D30077365C /* AttendanceCheckApp.swift */,
				FD37FE4D2CB282D30077365C /* ContentView.swift */,
				FD37FE4E2CB282D30077365C /* Item.swift */,
				FDABB1F12CBD2F80006CF22D /* ProcessingView.swift */,
				FDDEF2D22CC2287900E7F440 /* WebView.swift */,
				FD37FE5D2CB282FB0077365C /* Login */,
				FD37FE642CB283560077365C /* Main */,
				FD37FE5E2CB283000077365C /* QR */,
				FD37FE5F2CB283040077365C /* Map */,
				FD37FE602CB283090077365C /* Checklist */,
				FD37FE612CB2830F0077365C /* Schedule */,
				FD37FE622CB2831C0077365C /* Menu */,
				FDBC03732CBF3D0400531123 /* Notification */,
				FD37FE632CB2832E0077365C /* Model */,
				FD2F6BC92CB3986D00AB82D6 /* Files */,
				FD37FE4A2CB282D30077365C /* Preview Content */,
			);
			path = AttendanceCheck;
			sourceTree = "<group>";
		};
		FD37FE562CB282F70077365C /* AttendanceCheckTests */ = {
			isa = PBXGroup;
			children = (
				FD37FE552CB282F70077365C /* AttendanceCheckTests.swift */,
			);
			path = AttendanceCheckTests;
			sourceTree = "<group>";
		};
		FD37FE5A2CB282F90077365C /* AttendanceCheckUITests */ = {
			isa = PBXGroup;
			children = (
				FD37FE582CB282F90077365C /* AttendanceCheckUITests.swift */,
				FD37FE592CB282F90077365C /* AttendanceCheckUITestsLaunchTests.swift */,
			);
			path = AttendanceCheckUITests;
			sourceTree = "<group>";
		};
		FD37FE5D2CB282FB0077365C /* Login */ = {
			isa = PBXGroup;
			children = (
				FDABB1F32CBE0F12006CF22D /* Model */,
				FD37FE712CB285880077365C /* LoginView.swift */,
			);
			path = Login;
			sourceTree = "<group>";
		};
		FD37FE5E2CB283000077365C /* QR */ = {
			isa = PBXGroup;
			children = (
				FD37FE672CB283970077365C /* QRView.swift */,
				FD37FE792CB28E440077365C /* CameraView.swift */,
				FD37FE772CB28DD00077365C /* ScannerDelegate.swift */,
				FDABB1ED2CBB8683006CF22D /* Model */,
			);
			path = QR;
			sourceTree = "<group>";
		};
		FD37FE5F2CB283040077365C /* Map */ = {
			isa = PBXGroup;
			children = (
				FD37FE692CB2839C0077365C /* MapView.swift */,
				FDABB1FB2CBE7512006CF22D /* MapFullScreenView.swift */,
				FDDEF2DA2CC2724600E7F440 /* CampusLocation.swift */,
			);
			path = Map;
			sourceTree = "<group>";
		};
		FD37FE602CB283090077365C /* Checklist */ = {
			isa = PBXGroup;
			children = (
				FDDEF2CF2CC222B000E7F440 /* Model */,
				FD37FE6B2CB283A00077365C /* ChecklistView.swift */,
				FD37FE732CB2865D0077365C /* ChecklistDetailView.swift */,
				FDD2B2172CC3722D00498A5C /* ChecklistTestView.swift */,
			);
			path = Checklist;
			sourceTree = "<group>";
		};
		FD37FE612CB2830F0077365C /* Schedule */ = {
			isa = PBXGroup;
			children = (
				FD37FE6D2CB283A80077365C /* ScheduleView.swift */,
				FD37FE7D2CB2C9260077365C /* CalendarView.swift */,
				FDDEF2DE2CC3407E00E7F440 /* TimelineView.swift */,
				FDDEF2E02CC3447500E7F440 /* TimelineDetailView.swift */,
			);
			path = Schedule;
			sourceTree = "<group>";
		};
		FD37FE622CB2831C0077365C /* Menu */ = {
			isa = PBXGroup;
			children = (
				FD37FE6F2CB283B30077365C /* MenuView.swift */,
				FDDEF2D82CC26A4000E7F440 /* CautionView.swift */,
				FD300E022CC732BE008E6725 /* ElementView.swift */,
			);
			path = Menu;
			sourceTree = "<group>";
		};
		FD37FE632CB2832E0077365C /* Model */ = {
			isa = PBXGroup;
			children = (
				FDABB1E92CBA990B006CF22D /* EventManager.swift */,
				FD4B67FB2CB382F80096FBAB /* Programs.swift */,
				FD6B5C652CB4C1ED00771254 /* UserInformation.swift */,
				FDDEF2DC2CC331E100E7F440 /* LinkURLS.swift */,
			);
			path = Model;
			sourceTree = "<group>";
		};
		FD37FE642CB283560077365C /* Main */ = {
			isa = PBXGroup;
			children = (
				FD37FE652CB283690077365C /* MainView.swift */,
			);
			path = Main;
			sourceTree = "<group>";
		};
		FDABB1ED2CBB8683006CF22D /* Model */ = {
			isa = PBXGroup;
			children = (
				FD37FE752CB28D600077365C /* Permission.swift */,
				FDABB1F42CBE48E9006CF22D /* QRAlretType.swift */,
			);
			path = Model;
			sourceTree = "<group>";
		};
		FDABB1F32CBE0F12006CF22D /* Model */ = {
			isa = PBXGroup;
			children = (
				FD6B5C672CB4EF4200771254 /* AlertType.swift */,
			);
			path = Model;
			sourceTree = "<group>";
		};
		FDBC03732CBF3D0400531123 /* Notification */ = {
			isa = PBXGroup;
			children = (
				FDBC03762CBF409C00531123 /* Model */,
				FDBC03742CBF3D1E00531123 /* NotificationManager.swift */,
			);
			path = Notification;
			sourceTree = "<group>";
		};
		FDBC03762CBF409C00531123 /* Model */ = {
			isa = PBXGroup;
			children = (
				FDBC03772CBF40A200531123 /* NotificationData.swift */,
				FDDEF2D62CC2572900E7F440 /* DeviceModel.swift */,
			);
			path = Model;
			sourceTree = "<group>";
		};
		FDDEF2CF2CC222B000E7F440 /* Model */ = {
			isa = PBXGroup;
			children = (
				FDDEF2D02CC222BA00E7F440 /* Banner.swift */,
			);
			path = Model;
			sourceTree = "<group>";
		};
/* End PBXGroup section */

/* Begin PBXNativeTarget section */
		FD37FE182CB282BC0077365C /* AttendanceCheck */ = {
			isa = PBXNativeTarget;
			buildConfigurationList = FD37FE3F2CB282BD0077365C /* Build configuration list for PBXNativeTarget "AttendanceCheck" */;
			buildPhases = (
				FD37FE152CB282BC0077365C /* Sources */,
				FD37FE162CB282BC0077365C /* Frameworks */,
				FD37FE172CB282BC0077365C /* Resources */,
			);
			buildRules = (
			);
			dependencies = (
			);
			name = AttendanceCheck;
			packageProductDependencies = (
			);
			productName = AttendanceCheck;
			productReference = FD37FE192CB282BC0077365C /* AttendanceCheck.app */;
			productType = "com.apple.product-type.application";
		};
		FD37FE2A2CB282BD0077365C /* AttendanceCheckTests */ = {
			isa = PBXNativeTarget;
			buildConfigurationList = FD37FE422CB282BD0077365C /* Build configuration list for PBXNativeTarget "AttendanceCheckTests" */;
			buildPhases = (
				FD37FE272CB282BD0077365C /* Sources */,
				FD37FE282CB282BD0077365C /* Frameworks */,
				FD37FE292CB282BD0077365C /* Resources */,
			);
			buildRules = (
			);
			dependencies = (
				FD37FE2D2CB282BD0077365C /* PBXTargetDependency */,
			);
			name = AttendanceCheckTests;
			packageProductDependencies = (
			);
			productName = AttendanceCheckTests;
			productReference = FD37FE2B2CB282BD0077365C /* AttendanceCheckTests.xctest */;
			productType = "com.apple.product-type.bundle.unit-test";
		};
		FD37FE342CB282BD0077365C /* AttendanceCheckUITests */ = {
			isa = PBXNativeTarget;
			buildConfigurationList = FD37FE452CB282BD0077365C /* Build configuration list for PBXNativeTarget "AttendanceCheckUITests" */;
			buildPhases = (
				FD37FE312CB282BD0077365C /* Sources */,
				FD37FE322CB282BD0077365C /* Frameworks */,
				FD37FE332CB282BD0077365C /* Resources */,
			);
			buildRules = (
			);
			dependencies = (
				FD37FE372CB282BD0077365C /* PBXTargetDependency */,
			);
			name = AttendanceCheckUITests;
			packageProductDependencies = (
			);
			productName = AttendanceCheckUITests;
			productReference = FD37FE352CB282BD0077365C /* AttendanceCheckUITests.xctest */;
			productType = "com.apple.product-type.bundle.ui-testing";
		};
/* End PBXNativeTarget section */

/* Begin PBXProject section */
		FD37FE112CB282BC0077365C /* Project object */ = {
			isa = PBXProject;
			attributes = {
				BuildIndependentTargetsInParallel = 1;
				LastSwiftUpdateCheck = 1600;
				LastUpgradeCheck = 1600;
				TargetAttributes = {
					FD37FE182CB282BC0077365C = {
						CreatedOnToolsVersion = 16.0;
					};
					FD37FE2A2CB282BD0077365C = {
						CreatedOnToolsVersion = 16.0;
						TestTargetID = FD37FE182CB282BC0077365C;
					};
					FD37FE342CB282BD0077365C = {
						CreatedOnToolsVersion = 16.0;
						TestTargetID = FD37FE182CB282BC0077365C;
					};
				};
			};
			buildConfigurationList = FD37FE142CB282BC0077365C /* Build configuration list for PBXProject "AttendanceCheck" */;
			developmentRegion = ko;
			hasScannedForEncodings = 0;
			knownRegions = (
				en,
				Base,
				ko,
			);
			mainGroup = FD37FE102CB282BC0077365C;
			minimizedProjectReferenceProxies = 1;
			preferredProjectObjectVersion = 77;
			productRefGroup = FD37FE1A2CB282BC0077365C /* Products */;
			projectDirPath = "";
			projectRoot = "";
			targets = (
				FD37FE182CB282BC0077365C /* AttendanceCheck */,
				FD37FE2A2CB282BD0077365C /* AttendanceCheckTests */,
				FD37FE342CB282BD0077365C /* AttendanceCheckUITests */,
			);
		};
/* End PBXProject section */

/* Begin PBXResourcesBuildPhase section */
		FD37FE172CB282BC0077365C /* Resources */ = {
			isa = PBXResourcesBuildPhase;
			buildActionMask = 2147483647;
			files = (
				FD42AADF2CB39AC800B63392 /* Programs.json in Resources */,
				FD37FE502CB282D30077365C /* Preview Assets.xcassets in Resources */,
				FD37FE512CB282D30077365C /* Assets.xcassets in Resources */,
			);
			runOnlyForDeploymentPostprocessing = 0;
		};
		FD37FE292CB282BD0077365C /* Resources */ = {
			isa = PBXResourcesBuildPhase;
			buildActionMask = 2147483647;
			files = (
			);
			runOnlyForDeploymentPostprocessing = 0;
		};
		FD37FE332CB282BD0077365C /* Resources */ = {
			isa = PBXResourcesBuildPhase;
			buildActionMask = 2147483647;
			files = (
			);
			runOnlyForDeploymentPostprocessing = 0;
		};
/* End PBXResourcesBuildPhase section */

/* Begin PBXSourcesBuildPhase section */
		FD37FE152CB282BC0077365C /* Sources */ = {
			isa = PBXSourcesBuildPhase;
			buildActionMask = 2147483647;
			files = (
				FDDEF2D92CC26A4000E7F440 /* CautionView.swift in Sources */,
				FD300E032CC732BE008E6725 /* ElementView.swift in Sources */,
				FD37FE522CB282D30077365C /* AttendanceCheckApp.swift in Sources */,
				FDABB1F52CBE48E9006CF22D /* QRAlretType.swift in Sources */,
				FD37FE7A2CB28E450077365C /* CameraView.swift in Sources */,
				FD4B67FC2CB382F80096FBAB /* Programs.swift in Sources */,
				FD37FE7E2CB2C9260077365C /* CalendarView.swift in Sources */,
				FD6B5C662CB4C1ED00771254 /* UserInformation.swift in Sources */,
				FD37FE6C2CB283A00077365C /* ChecklistView.swift in Sources */,
				FD37FE6A2CB2839C0077365C /* MapView.swift in Sources */,
				FDDEF2DF2CC3407E00E7F440 /* TimelineView.swift in Sources */,
				FDD2B2182CC3722D00498A5C /* ChecklistTestView.swift in Sources */,
				FD37FE782CB28DD00077365C /* ScannerDelegate.swift in Sources */,
				FDDEF2D72CC2572900E7F440 /* DeviceModel.swift in Sources */,
				FDABB1F22CBD2F80006CF22D /* ProcessingView.swift in Sources */,
				FD37FE662CB283690077365C /* MainView.swift in Sources */,
				FD37FE702CB283B30077365C /* MenuView.swift in Sources */,
				FDABB1FC2CBE7512006CF22D /* MapFullScreenView.swift in Sources */,
				FDDEF2DB2CC2724600E7F440 /* CampusLocation.swift in Sources */,
				FD37FE532CB282D30077365C /* ContentView.swift in Sources */,
				FD37FE6E2CB283A80077365C /* ScheduleView.swift in Sources */,
				FDDEF2D12CC222BA00E7F440 /* Banner.swift in Sources */,
				FDBC03782CBF40A200531123 /* NotificationData.swift in Sources */,
				FD37FE682CB283970077365C /* QRView.swift in Sources */,
				FD37FE762CB28D600077365C /* Permission.swift in Sources */,
				FD37FE742CB2865D0077365C /* ChecklistDetailView.swift in Sources */,
				FDDEF2E12CC3447500E7F440 /* TimelineDetailView.swift in Sources */,
				FDABB1EA2CBA990C006CF22D /* EventManager.swift in Sources */,
				FD37FE722CB285880077365C /* LoginView.swift in Sources */,
				FDDEF2DD2CC331E100E7F440 /* LinkURLS.swift in Sources */,
				FDBC03752CBF3D1E00531123 /* NotificationManager.swift in Sources */,
				FDDEF2D32CC2287900E7F440 /* WebView.swift in Sources */,
				FD37FE542CB282D30077365C /* Item.swift in Sources */,
				FD6B5C682CB4EF4200771254 /* AlertType.swift in Sources */,
			);
			runOnlyForDeploymentPostprocessing = 0;
		};
		FD37FE272CB282BD0077365C /* Sources */ = {
			isa = PBXSourcesBuildPhase;
			buildActionMask = 2147483647;
			files = (
				FD37FE572CB282F70077365C /* AttendanceCheckTests.swift in Sources */,
			);
			runOnlyForDeploymentPostprocessing = 0;
		};
		FD37FE312CB282BD0077365C /* Sources */ = {
			isa = PBXSourcesBuildPhase;
			buildActionMask = 2147483647;
			files = (
				FD37FE5B2CB282F90077365C /* AttendanceCheckUITests.swift in Sources */,
				FD37FE5C2CB282F90077365C /* AttendanceCheckUITestsLaunchTests.swift in Sources */,
			);
			runOnlyForDeploymentPostprocessing = 0;
		};
/* End PBXSourcesBuildPhase section */

/* Begin PBXTargetDependency section */
		FD37FE2D2CB282BD0077365C /* PBXTargetDependency */ = {
			isa = PBXTargetDependency;
			target = FD37FE182CB282BC0077365C /* AttendanceCheck */;
			targetProxy = FD37FE2C2CB282BD0077365C /* PBXContainerItemProxy */;
		};
		FD37FE372CB282BD0077365C /* PBXTargetDependency */ = {
			isa = PBXTargetDependency;
			target = FD37FE182CB282BC0077365C /* AttendanceCheck */;
			targetProxy = FD37FE362CB282BD0077365C /* PBXContainerItemProxy */;
		};
/* End PBXTargetDependency section */

/* Begin XCBuildConfiguration section */
		FD37FE3D2CB282BD0077365C /* Debug */ = {
			isa = XCBuildConfiguration;
			buildSettings = {
				ALWAYS_SEARCH_USER_PATHS = NO;
				ASSETCATALOG_COMPILER_GENERATE_SWIFT_ASSET_SYMBOL_EXTENSIONS = YES;
				CLANG_ANALYZER_NONNULL = YES;
				CLANG_ANALYZER_NUMBER_OBJECT_CONVERSION = YES_AGGRESSIVE;
				CLANG_CXX_LANGUAGE_STANDARD = "gnu++20";
				CLANG_ENABLE_MODULES = YES;
				CLANG_ENABLE_OBJC_ARC = YES;
				CLANG_ENABLE_OBJC_WEAK = YES;
				CLANG_WARN_BLOCK_CAPTURE_AUTORELEASING = YES;
				CLANG_WARN_BOOL_CONVERSION = YES;
				CLANG_WARN_COMMA = YES;
				CLANG_WARN_CONSTANT_CONVERSION = YES;
				CLANG_WARN_DEPRECATED_OBJC_IMPLEMENTATIONS = YES;
				CLANG_WARN_DIRECT_OBJC_ISA_USAGE = YES_ERROR;
				CLANG_WARN_DOCUMENTATION_COMMENTS = YES;
				CLANG_WARN_EMPTY_BODY = YES;
				CLANG_WARN_ENUM_CONVERSION = YES;
				CLANG_WARN_INFINITE_RECURSION = YES;
				CLANG_WARN_INT_CONVERSION = YES;
				CLANG_WARN_NON_LITERAL_NULL_CONVERSION = YES;
				CLANG_WARN_OBJC_IMPLICIT_RETAIN_SELF = YES;
				CLANG_WARN_OBJC_LITERAL_CONVERSION = YES;
				CLANG_WARN_OBJC_ROOT_CLASS = YES_ERROR;
				CLANG_WARN_QUOTED_INCLUDE_IN_FRAMEWORK_HEADER = YES;
				CLANG_WARN_RANGE_LOOP_ANALYSIS = YES;
				CLANG_WARN_STRICT_PROTOTYPES = YES;
				CLANG_WARN_SUSPICIOUS_MOVE = YES;
				CLANG_WARN_UNGUARDED_AVAILABILITY = YES_AGGRESSIVE;
				CLANG_WARN_UNREACHABLE_CODE = YES;
				CLANG_WARN__DUPLICATE_METHOD_MATCH = YES;
				COPY_PHASE_STRIP = NO;
				DEBUG_INFORMATION_FORMAT = dwarf;
				ENABLE_STRICT_OBJC_MSGSEND = YES;
				ENABLE_TESTABILITY = YES;
				ENABLE_USER_SCRIPT_SANDBOXING = YES;
				GCC_C_LANGUAGE_STANDARD = gnu17;
				GCC_DYNAMIC_NO_PIC = NO;
				GCC_NO_COMMON_BLOCKS = YES;
				GCC_OPTIMIZATION_LEVEL = 0;
				GCC_PREPROCESSOR_DEFINITIONS = (
					"DEBUG=1",
					"$(inherited)",
				);
				GCC_WARN_64_TO_32_BIT_CONVERSION = YES;
				GCC_WARN_ABOUT_RETURN_TYPE = YES_ERROR;
				GCC_WARN_UNDECLARED_SELECTOR = YES;
				GCC_WARN_UNINITIALIZED_AUTOS = YES_AGGRESSIVE;
				GCC_WARN_UNUSED_FUNCTION = YES;
				GCC_WARN_UNUSED_VARIABLE = YES;
				IPHONEOS_DEPLOYMENT_TARGET = 18.0;
				LOCALIZATION_PREFERS_STRING_CATALOGS = YES;
				MTL_ENABLE_DEBUG_INFO = INCLUDE_SOURCE;
				MTL_FAST_MATH = YES;
				ONLY_ACTIVE_ARCH = YES;
				SDKROOT = iphoneos;
				SWIFT_ACTIVE_COMPILATION_CONDITIONS = "DEBUG $(inherited)";
				SWIFT_EMIT_LOC_STRINGS = YES;
				SWIFT_OPTIMIZATION_LEVEL = "-Onone";
			};
			name = Debug;
		};
		FD37FE3E2CB282BD0077365C /* Release */ = {
			isa = XCBuildConfiguration;
			buildSettings = {
				ALWAYS_SEARCH_USER_PATHS = NO;
				ASSETCATALOG_COMPILER_GENERATE_SWIFT_ASSET_SYMBOL_EXTENSIONS = YES;
				CLANG_ANALYZER_NONNULL = YES;
				CLANG_ANALYZER_NUMBER_OBJECT_CONVERSION = YES_AGGRESSIVE;
				CLANG_CXX_LANGUAGE_STANDARD = "gnu++20";
				CLANG_ENABLE_MODULES = YES;
				CLANG_ENABLE_OBJC_ARC = YES;
				CLANG_ENABLE_OBJC_WEAK = YES;
				CLANG_WARN_BLOCK_CAPTURE_AUTORELEASING = YES;
				CLANG_WARN_BOOL_CONVERSION = YES;
				CLANG_WARN_COMMA = YES;
				CLANG_WARN_CONSTANT_CONVERSION = YES;
				CLANG_WARN_DEPRECATED_OBJC_IMPLEMENTATIONS = YES;
				CLANG_WARN_DIRECT_OBJC_ISA_USAGE = YES_ERROR;
				CLANG_WARN_DOCUMENTATION_COMMENTS = YES;
				CLANG_WARN_EMPTY_BODY = YES;
				CLANG_WARN_ENUM_CONVERSION = YES;
				CLANG_WARN_INFINITE_RECURSION = YES;
				CLANG_WARN_INT_CONVERSION = YES;
				CLANG_WARN_NON_LITERAL_NULL_CONVERSION = YES;
				CLANG_WARN_OBJC_IMPLICIT_RETAIN_SELF = YES;
				CLANG_WARN_OBJC_LITERAL_CONVERSION = YES;
				CLANG_WARN_OBJC_ROOT_CLASS = YES_ERROR;
				CLANG_WARN_QUOTED_INCLUDE_IN_FRAMEWORK_HEADER = YES;
				CLANG_WARN_RANGE_LOOP_ANALYSIS = YES;
				CLANG_WARN_STRICT_PROTOTYPES = YES;
				CLANG_WARN_SUSPICIOUS_MOVE = YES;
				CLANG_WARN_UNGUARDED_AVAILABILITY = YES_AGGRESSIVE;
				CLANG_WARN_UNREACHABLE_CODE = YES;
				CLANG_WARN__DUPLICATE_METHOD_MATCH = YES;
				COPY_PHASE_STRIP = NO;
				DEBUG_INFORMATION_FORMAT = "dwarf-with-dsym";
				ENABLE_NS_ASSERTIONS = NO;
				ENABLE_STRICT_OBJC_MSGSEND = YES;
				ENABLE_USER_SCRIPT_SANDBOXING = YES;
				GCC_C_LANGUAGE_STANDARD = gnu17;
				GCC_NO_COMMON_BLOCKS = YES;
				GCC_WARN_64_TO_32_BIT_CONVERSION = YES;
				GCC_WARN_ABOUT_RETURN_TYPE = YES_ERROR;
				GCC_WARN_UNDECLARED_SELECTOR = YES;
				GCC_WARN_UNINITIALIZED_AUTOS = YES_AGGRESSIVE;
				GCC_WARN_UNUSED_FUNCTION = YES;
				GCC_WARN_UNUSED_VARIABLE = YES;
				IPHONEOS_DEPLOYMENT_TARGET = 18.0;
				LOCALIZATION_PREFERS_STRING_CATALOGS = YES;
				MTL_ENABLE_DEBUG_INFO = NO;
				MTL_FAST_MATH = YES;
				SDKROOT = iphoneos;
				SWIFT_COMPILATION_MODE = wholemodule;
				SWIFT_EMIT_LOC_STRINGS = YES;
				VALIDATE_PRODUCT = YES;
			};
			name = Release;
		};
		FD37FE402CB282BD0077365C /* Debug */ = {
			isa = XCBuildConfiguration;
			buildSettings = {
				ASSETCATALOG_COMPILER_APPICON_NAME = AppIcon;
				ASSETCATALOG_COMPILER_GLOBAL_ACCENT_COLOR_NAME = AccentColor;
				CODE_SIGN_STYLE = Automatic;
				CURRENT_PROJECT_VERSION = 1;
				DEVELOPMENT_ASSET_PATHS = "\"AttendanceCheck/Preview Content\"";
				DEVELOPMENT_TEAM = 8RN9H3Z673;
				ENABLE_PREVIEWS = YES;
				GENERATE_INFOPLIST_FILE = YES;
				INFOPLIST_FILE = AttendanceCheck/Info.plist;
				INFOPLIST_KEY_CFBundleDisplayName = "출석 췤!";
				INFOPLIST_KEY_NSCameraUsageDescription = "QR코드 스캔을 위해 카메라 권한을 설정해주세요!";
				INFOPLIST_KEY_UIApplicationSceneManifest_Generation = YES;
				INFOPLIST_KEY_UIApplicationSupportsIndirectInputEvents = YES;
				INFOPLIST_KEY_UILaunchScreen_Generation = YES;
				INFOPLIST_KEY_UISupportedInterfaceOrientations = UIInterfaceOrientationPortrait;
				INFOPLIST_KEY_UISupportedInterfaceOrientations_iPad = "UIInterfaceOrientationLandscapeLeft UIInterfaceOrientationLandscapeRight UIInterfaceOrientationPortrait UIInterfaceOrientationPortraitUpsideDown";
				INFOPLIST_KEY_UIUserInterfaceStyle = Automatic;
				IPHONEOS_DEPLOYMENT_TARGET = 17.6;
				LD_RUNPATH_SEARCH_PATHS = (
					"$(inherited)",
					"@executable_path/Frameworks",
				);
				MARKETING_VERSION = 1.0;
				PRODUCT_BUNDLE_IDENTIFIER = KyeonghoJang.AttendanceCheck;
				PRODUCT_NAME = "$(TARGET_NAME)";
				SUPPORTED_PLATFORMS = "iphoneos iphonesimulator";
				SUPPORTS_MACCATALYST = NO;
				SUPPORTS_MAC_DESIGNED_FOR_IPHONE_IPAD = NO;
				SUPPORTS_XR_DESIGNED_FOR_IPHONE_IPAD = NO;
				SWIFT_EMIT_LOC_STRINGS = YES;
				SWIFT_VERSION = 5.0;
				TARGETED_DEVICE_FAMILY = 1;
			};
			name = Debug;
		};
		FD37FE412CB282BD0077365C /* Release */ = {
			isa = XCBuildConfiguration;
			buildSettings = {
				ASSETCATALOG_COMPILER_APPICON_NAME = AppIcon;
				ASSETCATALOG_COMPILER_GLOBAL_ACCENT_COLOR_NAME = AccentColor;
				CODE_SIGN_STYLE = Automatic;
				CURRENT_PROJECT_VERSION = 1;
				DEVELOPMENT_ASSET_PATHS = "\"AttendanceCheck/Preview Content\"";
				DEVELOPMENT_TEAM = 8RN9H3Z673;
				ENABLE_PREVIEWS = YES;
				GENERATE_INFOPLIST_FILE = YES;
				INFOPLIST_FILE = AttendanceCheck/Info.plist;
				INFOPLIST_KEY_CFBundleDisplayName = "출석 췤!";
				INFOPLIST_KEY_NSCameraUsageDescription = "QR코드 스캔을 위해 카메라 권한을 설정해주세요!";
				INFOPLIST_KEY_UIApplicationSceneManifest_Generation = YES;
				INFOPLIST_KEY_UIApplicationSupportsIndirectInputEvents = YES;
				INFOPLIST_KEY_UILaunchScreen_Generation = YES;
				INFOPLIST_KEY_UISupportedInterfaceOrientations = UIInterfaceOrientationPortrait;
				INFOPLIST_KEY_UISupportedInterfaceOrientations_iPad = "UIInterfaceOrientationLandscapeLeft UIInterfaceOrientationLandscapeRight UIInterfaceOrientationPortrait UIInterfaceOrientationPortraitUpsideDown";
				INFOPLIST_KEY_UIUserInterfaceStyle = Automatic;
				IPHONEOS_DEPLOYMENT_TARGET = 17.6;
				LD_RUNPATH_SEARCH_PATHS = (
					"$(inherited)",
					"@executable_path/Frameworks",
				);
				MARKETING_VERSION = 1.0;
				PRODUCT_BUNDLE_IDENTIFIER = KyeonghoJang.AttendanceCheck;
				PRODUCT_NAME = "$(TARGET_NAME)";
				SUPPORTED_PLATFORMS = "iphoneos iphonesimulator";
				SUPPORTS_MACCATALYST = NO;
				SUPPORTS_MAC_DESIGNED_FOR_IPHONE_IPAD = NO;
				SUPPORTS_XR_DESIGNED_FOR_IPHONE_IPAD = NO;
				SWIFT_EMIT_LOC_STRINGS = YES;
				SWIFT_VERSION = 5.0;
				TARGETED_DEVICE_FAMILY = 1;
			};
			name = Release;
		};
		FD37FE432CB282BD0077365C /* Debug */ = {
			isa = XCBuildConfiguration;
			buildSettings = {
				BUNDLE_LOADER = "$(TEST_HOST)";
				CODE_SIGN_STYLE = Automatic;
				CURRENT_PROJECT_VERSION = 1;
				DEVELOPMENT_TEAM = 8RN9H3Z673;
				GENERATE_INFOPLIST_FILE = YES;
				IPHONEOS_DEPLOYMENT_TARGET = 18.0;
				MARKETING_VERSION = 1.0;
				PRODUCT_BUNDLE_IDENTIFIER = KyeonghoJang.AttendanceCheckTests;
				PRODUCT_NAME = "$(TARGET_NAME)";
				SWIFT_EMIT_LOC_STRINGS = NO;
				SWIFT_VERSION = 5.0;
				TARGETED_DEVICE_FAMILY = "1,2";
				TEST_HOST = "$(BUILT_PRODUCTS_DIR)/AttendanceCheck.app/$(BUNDLE_EXECUTABLE_FOLDER_PATH)/AttendanceCheck";
			};
			name = Debug;
		};
		FD37FE442CB282BD0077365C /* Release */ = {
			isa = XCBuildConfiguration;
			buildSettings = {
				BUNDLE_LOADER = "$(TEST_HOST)";
				CODE_SIGN_STYLE = Automatic;
				CURRENT_PROJECT_VERSION = 1;
				DEVELOPMENT_TEAM = 8RN9H3Z673;
				GENERATE_INFOPLIST_FILE = YES;
				IPHONEOS_DEPLOYMENT_TARGET = 18.0;
				MARKETING_VERSION = 1.0;
				PRODUCT_BUNDLE_IDENTIFIER = KyeonghoJang.AttendanceCheckTests;
				PRODUCT_NAME = "$(TARGET_NAME)";
				SWIFT_EMIT_LOC_STRINGS = NO;
				SWIFT_VERSION = 5.0;
				TARGETED_DEVICE_FAMILY = "1,2";
				TEST_HOST = "$(BUILT_PRODUCTS_DIR)/AttendanceCheck.app/$(BUNDLE_EXECUTABLE_FOLDER_PATH)/AttendanceCheck";
			};
			name = Release;
		};
		FD37FE462CB282BD0077365C /* Debug */ = {
			isa = XCBuildConfiguration;
			buildSettings = {
				CODE_SIGN_STYLE = Automatic;
				CURRENT_PROJECT_VERSION = 1;
				DEVELOPMENT_TEAM = 8RN9H3Z673;
				GENERATE_INFOPLIST_FILE = YES;
				MARKETING_VERSION = 1.0;
				PRODUCT_BUNDLE_IDENTIFIER = KyeonghoJang.AttendanceCheckUITests;
				PRODUCT_NAME = "$(TARGET_NAME)";
				SWIFT_EMIT_LOC_STRINGS = NO;
				SWIFT_VERSION = 5.0;
				TARGETED_DEVICE_FAMILY = "1,2";
				TEST_TARGET_NAME = AttendanceCheck;
			};
			name = Debug;
		};
		FD37FE472CB282BD0077365C /* Release */ = {
			isa = XCBuildConfiguration;
			buildSettings = {
				CODE_SIGN_STYLE = Automatic;
				CURRENT_PROJECT_VERSION = 1;
				DEVELOPMENT_TEAM = 8RN9H3Z673;
				GENERATE_INFOPLIST_FILE = YES;
				MARKETING_VERSION = 1.0;
				PRODUCT_BUNDLE_IDENTIFIER = KyeonghoJang.AttendanceCheckUITests;
				PRODUCT_NAME = "$(TARGET_NAME)";
				SWIFT_EMIT_LOC_STRINGS = NO;
				SWIFT_VERSION = 5.0;
				TARGETED_DEVICE_FAMILY = "1,2";
				TEST_TARGET_NAME = AttendanceCheck;
			};
			name = Release;
		};
/* End XCBuildConfiguration section */

/* Begin XCConfigurationList section */
		FD37FE142CB282BC0077365C /* Build configuration list for PBXProject "AttendanceCheck" */ = {
			isa = XCConfigurationList;
			buildConfigurations = (
				FD37FE3D2CB282BD0077365C /* Debug */,
				FD37FE3E2CB282BD0077365C /* Release */,
			);
			defaultConfigurationIsVisible = 0;
			defaultConfigurationName = Release;
		};
		FD37FE3F2CB282BD0077365C /* Build configuration list for PBXNativeTarget "AttendanceCheck" */ = {
			isa = XCConfigurationList;
			buildConfigurations = (
				FD37FE402CB282BD0077365C /* Debug */,
				FD37FE412CB282BD0077365C /* Release */,
			);
			defaultConfigurationIsVisible = 0;
			defaultConfigurationName = Release;
		};
		FD37FE422CB282BD0077365C /* Build configuration list for PBXNativeTarget "AttendanceCheckTests" */ = {
			isa = XCConfigurationList;
			buildConfigurations = (
				FD37FE432CB282BD0077365C /* Debug */,
				FD37FE442CB282BD0077365C /* Release */,
			);
			defaultConfigurationIsVisible = 0;
			defaultConfigurationName = Release;
		};
		FD37FE452CB282BD0077365C /* Build configuration list for PBXNativeTarget "AttendanceCheckUITests" */ = {
			isa = XCConfigurationList;
			buildConfigurations = (
				FD37FE462CB282BD0077365C /* Debug */,
				FD37FE472CB282BD0077365C /* Release */,
			);
			defaultConfigurationIsVisible = 0;
			defaultConfigurationName = Release;
		};
/* End XCConfigurationList section */
	};
	rootObject = FD37FE112CB282BC0077365C /* Project object */;
}
